github.com/flylog/colorstyle v1.0.1 h1:xcPX7/ZBnFqNcuZt89gqLsWypkZMOpk0mAXBNUP6A3Y=
github.com/flylog/colorstyle v1.0.1/go.mod h1:Wx7WDBKQWzZRTsvbRAUxTtLPkvfKfE2OxXrAx35KDek=
github.com/obity/properties v1.0.1 h1:2WmZ2+soc4T+p4LT3AxzDHijXXNR7CCO701Tx8B5RIg=
github.com/obity/properties v1.0.1/go.mod h1:exM3rLRA27BrRcxtaEMbaCr0F/rhWEBEd57IZoRMcg0=
